
Microsoft Visual Studio Solution File, Format Version 12.00
# Visual Studio Version 16
VisualStudioVersion = 25.0.1706.7
MinimumVisualStudioVersion = 10.0.40219.1
Project("{FAE04EC0-301F-11D3-BF4B-00C04F79EFBC}") = "Constants-Variables", "Constants-Variables.csproj", "{2197E74F-B2F7-4B11-A842-BA4B1BC43AFA}"
EndProject
Global
	GlobalSection(SolutionConfigurationPlatforms) = preSolution
		Debug|Any CPU = Debug|Any CPU
		Release|Any CPU = Release|Any CPU
	EndGlobalSection
	GlobalSection(ProjectConfigurationPlatforms) = postSolution
		{2197E74F-B2F7-4B11-A842-BA4B1BC43AFA}.Debug|Any CPU.ActiveCfg = Debug|Any CPU
		{2197E74F-B2F7-4B11-A842-BA4B1BC43AFA}.Debug|Any CPU.Build.0 = Debug|Any CPU
		{2197E74F-B2F7-4B11-A842-BA4B1BC43AFA}.Release|Any CPU.ActiveCfg = Release|Any CPU
		{2197E74F-B2F7-4B11-A842-BA4B1BC43AFA}.Release|Any CPU.Build.0 = Release|Any CPU
	EndGlobalSection
	GlobalSection(SolutionProperties) = preSolution
		HideSolutionNode = FALSE
	EndGlobalSection
	GlobalSection(ExtensibilityGlobals) = postSolution
		SolutionGuid = {2C1D18B2-A2F7-457D-BF3E-AE03AB2EBC96}
	EndGlobalSection
EndGlobal
